
Microsoft Visual Studio Solution File, Format Version 12.00
# Visual Studio 15
VisualStudioVersion = 15.0.27703.2018
MinimumVisualStudioVersion = 10.0.40219.1
Project("{9A19103F-16F7-4668-BE54-9A1E7A4F7556}") = "templating", "..\aurelia-routing\templating.csproj", "{496E43E1-0ACB-458A-B1C9-7528118A86C8}"
EndProject
Global
	GlobalSection(SolutionConfigurationPlatforms) = preSolution
		Debug|Any CPU = Debug|Any CPU
		Release|Any CPU = Release|Any CPU
	EndGlobalSection
	GlobalSection(ProjectConfigurationPlatforms) = postSolution
		{496E43E1-0ACB-458A-B1C9-7528118A86C8}.Debug|Any CPU.ActiveCfg = Debug|Any CPU
		{496E43E1-0ACB-458A-B1C9-7528118A86C8}.Debug|Any CPU.Build.0 = Debug|Any CPU
		{496E43E1-0ACB-458A-B1C9-7528118A86C8}.Release|Any CPU.ActiveCfg = Release|Any CPU
		{496E43E1-0ACB-458A-B1C9-7528118A86C8}.Release|Any CPU.Build.0 = Release|Any CPU
	EndGlobalSection
	GlobalSection(SolutionProperties) = preSolution
		HideSolutionNode = FALSE
	EndGlobalSection
	GlobalSection(ExtensibilityGlobals) = postSolution
		SolutionGuid = {ED376DFA-2989-4E64-8B18-433F2E167EF9}
	EndGlobalSection
EndGlobal
